
Microsoft Visual Studio Solution File, Format Version 12.00
# Visual Studio Version 17
VisualStudioVersion = 17.12.35527.113 d17.12
MinimumVisualStudioVersion = 10.0.40219.1
Project("{FAE04EC0-301F-11D3-BF4B-00C04F79EFBC}") = "FTPClientWPF", "FTPClientWPF.csproj", "{F20A76A7-8330-44A3-8B83-4E172EC28ED7}"
EndProject
Global
	GlobalSection(SolutionConfigurationPlatforms) = preSolution
		Debug|Any CPU = Debug|Any CPU
		Release|Any CPU = Release|Any CPU
	EndGlobalSection
	GlobalSection(ProjectConfigurationPlatforms) = postSolution
		{F20A76A7-8330-44A3-8B83-4E172EC28ED7}.Debug|Any CPU.ActiveCfg = Debug|Any CPU
		{F20A76A7-8330-44A3-8B83-4E172EC28ED7}.Debug|Any CPU.Build.0 = Debug|Any CPU
		{F20A76A7-8330-44A3-8B83-4E172EC28ED7}.Release|Any CPU.ActiveCfg = Release|Any CPU
		{F20A76A7-8330-44A3-8B83-4E172EC28ED7}.Release|Any CPU.Build.0 = Release|Any CPU
	EndGlobalSection
	GlobalSection(SolutionProperties) = preSolution
		HideSolutionNode = FALSE
	EndGlobalSection
EndGlobal
